// !$*UTF8*$!
{
	archiveVersion = 1;
	classes = {
	};
	objectVersion = 46;
	objects = {

/* Begin PBXBuildFile section */
		A501FA751D11D0B300584D3E /* AppDelegate.swift in Sources */ = {isa = PBXBuildFile; fileRef = A501FA741D11D0B300584D3E /* AppDelegate.swift */; };
		A501FA7A1D11D0B300584D3E /* Main.storyboard in Resources */ = {isa = PBXBuildFile; fileRef = A501FA781D11D0B300584D3E /* Main.storyboard */; };
		A501FA7C1D11D0B300584D3E /* Assets.xcassets in Resources */ = {isa = PBXBuildFile; fileRef = A501FA7B1D11D0B300584D3E /* Assets.xcassets */; };
		A501FA7F1D11D0B300584D3E /* LaunchScreen.storyboard in Resources */ = {isa = PBXBuildFile; fileRef = A501FA7D1D11D0B300584D3E /* LaunchScreen.storyboard */; };
		A501FA8A1D11D0B300584D3E /* MomentsTests.swift in Sources */ = {isa = PBXBuildFile; fileRef = A501FA891D11D0B300584D3E /* MomentsTests.swift */; };
		A501FA951D11D0B400584D3E /* MomentsUITests.swift in Sources */ = {isa = PBXBuildFile; fileRef = A501FA941D11D0B400584D3E /* MomentsUITests.swift */; };
		A501FAA31D11D32B00584D3E /* ProfileUIView.swift in Sources */ = {isa = PBXBuildFile; fileRef = A501FAA21D11D32B00584D3E /* ProfileUIView.swift */; };
		A501FAA51D11D33D00584D3E /* HeaderPhotoView.swift in Sources */ = {isa = PBXBuildFile; fileRef = A501FAA41D11D33D00584D3E /* HeaderPhotoView.swift */; };
		A501FAA71D11D34B00584D3E /* CommentsTableViewCell.swift in Sources */ = {isa = PBXBuildFile; fileRef = A501FAA61D11D34B00584D3E /* CommentsTableViewCell.swift */; };
		A501FAA91D11D35400584D3E /* ShareMomentsViewController.swift in Sources */ = {isa = PBXBuildFile; fileRef = A501FAA81D11D35400584D3E /* ShareMomentsViewController.swift */; };
		F296539C8DAAC91DCEE184BF /* Pods_Moments.framework in Frameworks */ = {isa = PBXBuildFile; fileRef = 7ADAA6AC5519D78EE337B6AB /* Pods_Moments.framework */; };
/* End PBXBuildFile section */

/* Begin PBXContainerItemProxy section */
		A501FA861D11D0B300584D3E /* PBXContainerItemProxy */ = {
			isa = PBXContainerItemProxy;
			containerPortal = A501FA691D11D0B300584D3E /* Project object */;
			proxyType = 1;
			remoteGlobalIDString = A501FA701D11D0B300584D3E;
			remoteInfo = Moments;
		};
		A501FA911D11D0B400584D3E /* PBXContainerItemProxy */ = {
			isa = PBXContainerItemProxy;
			containerPortal = A501FA691D11D0B300584D3E /* Project object */;
			proxyType = 1;
			remoteGlobalIDString = A501FA701D11D0B300584D3E;
			remoteInfo = Moments;
		};
/* End PBXContainerItemProxy section */

/* Begin PBXFileReference section */
		1512AB5D3AC1B0A83EB19812 /* Pods-Moments.release.xcconfig */ = {isa = PBXFileReference; includeInIndex = 1; lastKnownFileType = text.xcconfig; name = "Pods-Moments.release.xcconfig"; path = "Pods/Target Support Files/Pods-Moments/Pods-Moments.release.xcconfig"; sourceTree = "<group>"; };
		7ADAA6AC5519D78EE337B6AB /* Pods_Moments.framework */ = {isa = PBXFileReference; explicitFileType = wrapper.framework; includeInIndex = 0; path = Pods_Moments.framework; sourceTree = BUILT_PRODUCTS_DIR; };
		7AFD7FAEB458A2A22E9FD78C /* Pods-Moments.debug.xcconfig */ = {isa = PBXFileReference; includeInIndex = 1; lastKnownFileType = text.xcconfig; name = "Pods-Moments.debug.xcconfig"; path = "Pods/Target Support Files/Pods-Moments/Pods-Moments.debug.xcconfig"; sourceTree = "<group>"; };
		A501FA711D11D0B300584D3E /* Moments.app */ = {isa = PBXFileReference; explicitFileType = wrapper.application; includeInIndex = 0; path = Moments.app; sourceTree = BUILT_PRODUCTS_DIR; };
		A501FA741D11D0B300584D3E /* AppDelegate.swift */ = {isa = PBXFileReference; lastKnownFileType = sourcecode.swift; path = AppDelegate.swift; sourceTree = "<group>"; };
		A501FA791D11D0B300584D3E /* Base */ = {isa = PBXFileReference; lastKnownFileType = file.storyboard; name = Base; path = Base.lproj/Main.storyboard; sourceTree = "<group>"; };
		A501FA7B1D11D0B300584D3E /* Assets.xcassets */ = {isa = PBXFileReference; lastKnownFileType = folder.assetcatalog; path = Assets.xcassets; sourceTree = "<group>"; };
		A501FA7E1D11D0B300584D3E /* Base */ = {isa = PBXFileReference; lastKnownFileType = file.storyboard; name = Base; path = Base.lproj/LaunchScreen.storyboard; sourceTree = "<group>"; };
		A501FA801D11D0B300584D3E /* Info.plist */ = {isa = PBXFileReference; lastKnownFileType = text.plist.xml; path = Info.plist; sourceTree = "<group>"; };
		A501FA851D11D0B300584D3E /* MomentsTests.xctest */ = {isa = PBXFileReference; explicitFileType = wrapper.cfbundle; includeInIndex = 0; path = MomentsTests.xctest; sourceTree = BUILT_PRODUCTS_DIR; };
		A501FA891D11D0B300584D3E /* MomentsTests.swift */ = {isa = PBXFileReference; lastKnownFileType = sourcecode.swift; path = MomentsTests.swift; sourceTree = "<group>"; };
		A501FA8B1D11D0B400584D3E /* Info.plist */ = {isa = PBXFileReference; lastKnownFileType = text.plist.xml; path = Info.plist; sourceTree = "<group>"; };
		A501FA901D11D0B400584D3E /* MomentsUITests.xctest */ = {isa = PBXFileReference; explicitFileType = wrapper.cfbundle; includeInIndex = 0; path = MomentsUITests.xctest; sourceTree = BUILT_PRODUCTS_DIR; };
		A501FA941D11D0B400584D3E /* MomentsUITests.swift */ = {isa = PBXFileReference; lastKnownFileType = sourcecode.swift; path = MomentsUITests.swift; sourceTree = "<group>"; };
		A501FA961D11D0B400584D3E /* Info.plist */ = {isa = PBXFileReference; lastKnownFileType = text.plist.xml; path = Info.plist; sourceTree = "<group>"; };
		A501FAA21D11D32B00584D3E /* ProfileUIView.swift */ = {isa = PBXFileReference; fileEncoding = 4; lastKnownFileType = sourcecode.swift; path = ProfileUIView.swift; sourceTree = "<group>"; };
		A501FAA41D11D33D00584D3E /* HeaderPhotoView.swift */ = {isa = PBXFileReference; fileEncoding = 4; lastKnownFileType = sourcecode.swift; path = HeaderPhotoView.swift; sourceTree = "<group>"; };
		A501FAA61D11D34B00584D3E /* CommentsTableViewCell.swift */ = {isa = PBXFileReference; fileEncoding = 4; lastKnownFileType = sourcecode.swift; path = CommentsTableViewCell.swift; sourceTree = "<group>"; };
		A501FAA81D11D35400584D3E /* ShareMomentsViewController.swift */ = {isa = PBXFileReference; fileEncoding = 4; lastKnownFileType = sourcecode.swift; path = ShareMomentsViewController.swift; sourceTree = "<group>"; };
/* End PBXFileReference section */

/* Begin PBXFrameworksBuildPhase section */
		A501FA6E1D11D0B300584D3E /* Frameworks */ = {
			isa = PBXFrameworksBuildPhase;
			buildActionMask = 2147483647;
			files = (
				F296539C8DAAC91DCEE184BF /* Pods_Moments.framework in Frameworks */,
			);
			runOnlyForDeploymentPostprocessing = 0;
		};
		A501FA821D11D0B300584D3E /* Frameworks */ = {
			isa = PBXFrameworksBuildPhase;
			buildActionMask = 2147483647;
			files = (
			);
			runOnlyForDeploymentPostprocessing = 0;
		};
		A501FA8D1D11D0B400584D3E /* Frameworks */ = {
			isa = PBXFrameworksBuildPhase;
			buildActionMask = 2147483647;
			files = (
			);
			runOnlyForDeploymentPostprocessing = 0;
		};
/* End PBXFrameworksBuildPhase section */

/* Begin PBXGroup section */
		30A17A7FED9B895B8DB374E4 /* Frameworks */ = {
			isa = PBXGroup;
			children = (
				7ADAA6AC5519D78EE337B6AB /* Pods_Moments.framework */,
			);
			name = Frameworks;
			sourceTree = "<group>";
		};
		A501FA681D11D0B300584D3E = {
			isa = PBXGroup;
			children = (
				A501FA731D11D0B300584D3E /* Moments */,
				A501FA881D11D0B300584D3E /* MomentsTests */,
				A501FA931D11D0B400584D3E /* MomentsUITests */,
				A501FA721D11D0B300584D3E /* Products */,
				C1ABA8C0C16E6A42D399D5CB /* Pods */,
				30A17A7FED9B895B8DB374E4 /* Frameworks */,
			);
			sourceTree = "<group>";
		};
		A501FA721D11D0B300584D3E /* Products */ = {
			isa = PBXGroup;
			children = (
				A501FA711D11D0B300584D3E /* Moments.app */,
				A501FA851D11D0B300584D3E /* MomentsTests.xctest */,
				A501FA901D11D0B400584D3E /* MomentsUITests.xctest */,
			);
			name = Products;
			sourceTree = "<group>";
		};
		A501FA731D11D0B300584D3E /* Moments */ = {
			isa = PBXGroup;
			children = (
				A501FA741D11D0B300584D3E /* AppDelegate.swift */,
				A501FAA81D11D35400584D3E /* ShareMomentsViewController.swift */,
				A501FAA21D11D32B00584D3E /* ProfileUIView.swift */,
				A501FAA41D11D33D00584D3E /* HeaderPhotoView.swift */,
				A501FAA61D11D34B00584D3E /* CommentsTableViewCell.swift */,
				A501FA781D11D0B300584D3E /* Main.storyboard */,
				A501FA7B1D11D0B300584D3E /* Assets.xcassets */,
				A501FA7D1D11D0B300584D3E /* LaunchScreen.storyboard */,
				A501FA801D11D0B300584D3E /* Info.plist */,
			);
			path = Moments;
			sourceTree = "<group>";
		};
		A501FA881D11D0B300584D3E /* MomentsTests */ = {
			isa = PBXGroup;
			children = (
				A501FA891D11D0B300584D3E /* MomentsTests.swift */,
				A501FA8B1D11D0B400584D3E /* Info.plist */,
			);
			path = MomentsTests;
			sourceTree = "<group>";
		};
		A501FA931D11D0B400584D3E /* MomentsUITests */ = {
			isa = PBXGroup;
			children = (
				A501FA941D11D0B400584D3E /* MomentsUITests.swift */,
				A501FA961D11D0B400584D3E /* Info.plist */,
			);
			path = MomentsUITests;
			sourceTree = "<group>";
		};
		C1ABA8C0C16E6A42D399D5CB /* Pods */ = {
			isa = PBXGroup;
			children = (
				7AFD7FAEB458A2A22E9FD78C /* Pods-Moments.debug.xcconfig */,
				1512AB5D3AC1B0A83EB19812 /* Pods-Moments.release.xcconfig */,
			);
			name = Pods;
			sourceTree = "<group>";
		};
/* End PBXGroup section */

/* Begin PBXNativeTarget section */
		A501FA701D11D0B300584D3E /* Moments */ = {
			isa = PBXNativeTarget;
			buildConfigurationList = A501FA991D11D0B400584D3E /* Build configuration list for PBXNativeTarget "Moments" */;
			buildPhases = (
				A5434F9444AEA09A1FE4A28C /* 📦 Check Pods Manifest.lock */,
				A501FA6D1D11D0B300584D3E /* Sources */,
				A501FA6E1D11D0B300584D3E /* Frameworks */,
				A501FA6F1D11D0B300584D3E /* Resources */,
				B40544D090F978BFD80C4F27 /* 📦 Embed Pods Frameworks */,
				009DF0285C610264BC1E2301 /* 📦 Copy Pods Resources */,
			);
			buildRules = (
			);
			dependencies = (
			);
			name = Moments;
			productName = Moments;
			productReference = A501FA711D11D0B300584D3E /* Moments.app */;
			productType = "com.apple.product-type.application";
		};
		A501FA841D11D0B300584D3E /* MomentsTests */ = {
			isa = PBXNativeTarget;
			buildConfigurationList = A501FA9C1D11D0B400584D3E /* Build configuration list for PBXNativeTarget "MomentsTests" */;
			buildPhases = (
				A501FA811D11D0B300584D3E /* Sources */,
				A501FA821D11D0B300584D3E /* Frameworks */,
				A501FA831D11D0B300584D3E /* Resources */,
			);
			buildRules = (
			);
			dependencies = (
				A501FA871D11D0B300584D3E /* PBXTargetDependency */,
			);
			name = MomentsTests;
			productName = MomentsTests;
			productReference = A501FA851D11D0B300584D3E /* MomentsTests.xctest */;
			productType = "com.apple.product-type.bundle.unit-test";
		};
		A501FA8F1D11D0B400584D3E /* MomentsUITests */ = {
			isa = PBXNativeTarget;
			buildConfigurationList = A501FA9F1D11D0B400584D3E /* Build configuration list for PBXNativeTarget "MomentsUITests" */;
			buildPhases = (
				A501FA8C1D11D0B400584D3E /* Sources */,
				A501FA8D1D11D0B400584D3E /* Frameworks */,
				A501FA8E1D11D0B400584D3E /* Resources */,
			);
			buildRules = (
			);
			dependencies = (
				A501FA921D11D0B400584D3E /* PBXTargetDependency */,
			);
			name = MomentsUITests;
			productName = MomentsUITests;
			productReference = A501FA901D11D0B400584D3E /* MomentsUITests.xctest */;
			productType = "com.apple.product-type.bundle.ui-testing";
		};
/* End PBXNativeTarget section */

/* Begin PBXProject section */
		A501FA691D11D0B300584D3E /* Project object */ = {
			isa = PBXProject;
			attributes = {
				LastSwiftUpdateCheck = 0730;
				LastUpgradeCheck = 0730;
				ORGANIZATIONNAME = "Jun Dang";
				TargetAttributes = {
					A501FA701D11D0B300584D3E = {
						CreatedOnToolsVersion = 7.3.1;
					};
					A501FA841D11D0B300584D3E = {
						CreatedOnToolsVersion = 7.3.1;
						TestTargetID = A501FA701D11D0B300584D3E;
					};
					A501FA8F1D11D0B400584D3E = {
						CreatedOnToolsVersion = 7.3.1;
						TestTargetID = A501FA701D11D0B300584D3E;
					};
				};
			};
			buildConfigurationList = A501FA6C1D11D0B300584D3E /* Build configuration list for PBXProject "Moments" */;
			compatibilityVersion = "Xcode 3.2";
			developmentRegion = English;
			hasScannedForEncodings = 0;
			knownRegions = (
				en,
				Base,
			);
			mainGroup = A501FA681D11D0B300584D3E;
			productRefGroup = A501FA721D11D0B300584D3E /* Products */;
			projectDirPath = "";
			projectRoot = "";
			targets = (
				A501FA701D11D0B300584D3E /* Moments */,
				A501FA841D11D0B300584D3E /* MomentsTests */,
				A501FA8F1D11D0B400584D3E /* MomentsUITests */,
			);
		};
/* End PBXProject section */

/* Begin PBXResourcesBuildPhase section */
		A501FA6F1D11D0B300584D3E /* Resources */ = {
			isa = PBXResourcesBuildPhase;
			buildActionMask = 2147483647;
			files = (
				A501FA7F1D11D0B300584D3E /* LaunchScreen.storyboard in Resources */,
				A501FA7C1D11D0B300584D3E /* Assets.xcassets in Resources */,
				A501FA7A1D11D0B300584D3E /* Main.storyboard in Resources */,
			);
			runOnlyForDeploymentPostprocessing = 0;
		};
		A501FA831D11D0B300584D3E /* Resources */ = {
			isa = PBXResourcesBuildPhase;
			buildActionMask = 2147483647;
			files = (
			);
			runOnlyForDeploymentPostprocessing = 0;
		};
		A501FA8E1D11D0B400584D3E /* Resources */ = {
			isa = PBXResourcesBuildPhase;
			buildActionMask = 2147483647;
			files = (
			);
			runOnlyForDeploymentPostprocessing = 0;
		};
/* End PBXResourcesBuildPhase section */

/* Begin PBXShellScriptBuildPhase section */
		009DF0285C610264BC1E2301 /* 📦 Copy Pods Resources */ = {
			isa = PBXShellScriptBuildPhase;
			buildActionMask = 2147483647;
			files = (
			);
			inputPaths = (
			);
			name = "📦 Copy Pods Resources";
			outputPaths = (
			);
			runOnlyForDeploymentPostprocessing = 0;
			shellPath = /bin/sh;
			shellScript = "\"${SRCROOT}/Pods/Target Support Files/Pods-Moments/Pods-Moments-resources.sh\"\n";
			showEnvVarsInLog = 0;
		};
		A5434F9444AEA09A1FE4A28C /* 📦 Check Pods Manifest.lock */ = {
			isa = PBXShellScriptBuildPhase;
			buildActionMask = 2147483647;
			files = (
			);
			inputPaths = (
			);
			name = "📦 Check Pods Manifest.lock";
			outputPaths = (
			);
			runOnlyForDeploymentPostprocessing = 0;
			shellPath = /bin/sh;
			shellScript = "diff \"${PODS_ROOT}/../Podfile.lock\" \"${PODS_ROOT}/Manifest.lock\" > /dev/null\nif [[ $? != 0 ]] ; then\n    cat << EOM\nerror: The sandbox is not in sync with the Podfile.lock. Run 'pod install' or update your CocoaPods installation.\nEOM\n    exit 1\nfi\n";
			showEnvVarsInLog = 0;
		};
		B40544D090F978BFD80C4F27 /* 📦 Embed Pods Frameworks */ = {
			isa = PBXShellScriptBuildPhase;
			buildActionMask = 2147483647;
			files = (
			);
			inputPaths = (
			);
			name = "📦 Embed Pods Frameworks";
			outputPaths = (
			);
			runOnlyForDeploymentPostprocessing = 0;
			shellPath = /bin/sh;
			shellScript = "\"${SRCROOT}/Pods/Target Support Files/Pods-Moments/Pods-Moments-frameworks.sh\"\n";
			showEnvVarsInLog = 0;
		};
/* End PBXShellScriptBuildPhase section */

/* Begin PBXSourcesBuildPhase section */
		A501FA6D1D11D0B300584D3E /* Sources */ = {
			isa = PBXSourcesBuildPhase;
			buildActionMask = 2147483647;
			files = (
				A501FAA31D11D32B00584D3E /* ProfileUIView.swift in Sources */,
				A501FAA71D11D34B00584D3E /* CommentsTableViewCell.swift in Sources */,
				A501FAA51D11D33D00584D3E /* HeaderPhotoView.swift in Sources */,
				A501FAA91D11D35400584D3E /* ShareMomentsViewController.swift in Sources */,
				A501FA751D11D0B300584D3E /* AppDelegate.swift in Sources */,
			);
			runOnlyForDeploymentPostprocessing = 0;
		};
		A501FA811D11D0B300584D3E /* Sources */ = {
			isa = PBXSourcesBuildPhase;
			buildActionMask = 2147483647;
			files = (
				A501FA8A1D11D0B300584D3E /* MomentsTests.swift in Sources */,
			);
			runOnlyForDeploymentPostprocessing = 0;
		};
		A501FA8C1D11D0B400584D3E /* Sources */ = {
			isa = PBXSourcesBuildPhase;
			buildActionMask = 2147483647;
			files = (
				A501FA951D11D0B400584D3E /* MomentsUITests.swift in Sources */,
			);
			runOnlyForDeploymentPostprocessing = 0;
		};
/* End PBXSourcesBuildPhase section */

/* Begin PBXTargetDependency section */
		A501FA871D11D0B300584D3E /* PBXTargetDependency */ = {
			isa = PBXTargetDependency;
			target = A501FA701D11D0B300584D3E /* Moments */;
			targetProxy = A501FA861D11D0B300584D3E /* PBXContainerItemProxy */;
		};
		A501FA921D11D0B400584D3E /* PBXTargetDependency */ = {
			isa = PBXTargetDependency;
			target = A501FA701D11D0B300584D3E /* Moments */;
			targetProxy = A501FA911D11D0B400584D3E /* PBXContainerItemProxy */;
		};
/* End PBXTargetDependency section */

/* Begin PBXVariantGroup section */
		A501FA781D11D0B300584D3E /* Main.storyboard */ = {
			isa = PBXVariantGroup;
			children = (
				A501FA791D11D0B300584D3E /* Base */,
			);
			name = Main.storyboard;
			sourceTree = "<group>";
		};
		A501FA7D1D11D0B300584D3E /* LaunchScreen.storyboard */ = {
			isa = PBXVariantGroup;
			children = (
				A501FA7E1D11D0B300584D3E /* Base */,
			);
			name = LaunchScreen.storyboard;
			sourceTree = "<group>";
		};
/* End PBXVariantGroup section */

/* Begin XCBuildConfiguration section */
		A501FA971D11D0B400584D3E /* Debug */ = {
			isa = XCBuildConfiguration;
			buildSettings = {
				ALWAYS_SEARCH_USER_PATHS = NO;
				CLANG_ANALYZER_NONNULL = YES;
				CLANG_CXX_LANGUAGE_STANDARD = "gnu++0x";
				CLANG_CXX_LIBRARY = "libc++";
				CLANG_ENABLE_MODULES = YES;
				CLANG_ENABLE_OBJC_ARC = YES;
				CLANG_WARN_BOOL_CONVERSION = YES;
				CLANG_WARN_CONSTANT_CONVERSION = YES;
				CLANG_WARN_DIRECT_OBJC_ISA_USAGE = YES_ERROR;
				CLANG_WARN_EMPTY_BODY = YES;
				CLANG_WARN_ENUM_CONVERSION = YES;
				CLANG_WARN_INT_CONVERSION = YES;
				CLANG_WARN_OBJC_ROOT_CLASS = YES_ERROR;
				CLANG_WARN_UNREACHABLE_CODE = YES;
				CLANG_WARN__DUPLICATE_METHOD_MATCH = YES;
				"CODE_SIGN_IDENTITY[sdk=iphoneos*]" = "iPhone Developer";
				COPY_PHASE_STRIP = NO;
				DEBUG_INFORMATION_FORMAT = dwarf;
				ENABLE_STRICT_OBJC_MSGSEND = YES;
				ENABLE_TESTABILITY = YES;
				GCC_C_LANGUAGE_STANDARD = gnu99;
				GCC_DYNAMIC_NO_PIC = NO;
				GCC_NO_COMMON_BLOCKS = YES;
				GCC_OPTIMIZATION_LEVEL = 0;
				GCC_PREPROCESSOR_DEFINITIONS = (
					"DEBUG=1",
					"$(inherited)",
				);
				GCC_WARN_64_TO_32_BIT_CONVERSION = YES;
				GCC_WARN_ABOUT_RETURN_TYPE = YES_ERROR;
				GCC_WARN_UNDECLARED_SELECTOR = YES;
				GCC_WARN_UNINITIALIZED_AUTOS = YES_AGGRESSIVE;
				GCC_WARN_UNUSED_FUNCTION = YES;
				GCC_WARN_UNUSED_VARIABLE = YES;
				IPHONEOS_DEPLOYMENT_TARGET = 9.3;
				MTL_ENABLE_DEBUG_INFO = YES;
				ONLY_ACTIVE_ARCH = YES;
				SDKROOT = iphoneos;
				SWIFT_OPTIMIZATION_LEVEL = "-Onone";
				TARGETED_DEVICE_FAMILY = "1,2";
			};
			name = Debug;
		};
		A501FA981D11D0B400584D3E /* Release */ = {
			isa = XCBuildConfiguration;
			buildSettings = {
				ALWAYS_SEARCH_USER_PATHS = NO;
				CLANG_ANALYZER_NONNULL = YES;
				CLANG_CXX_LANGUAGE_STANDARD = "gnu++0x";
				CLANG_CXX_LIBRARY = "libc++";
				CLANG_ENABLE_MODULES = YES;
				CLANG_ENABLE_OBJC_ARC = YES;
				CLANG_WARN_BOOL_CONVERSION = YES;
				CLANG_WARN_CONSTANT_CONVERSION = YES;
				CLANG_WARN_DIRECT_OBJC_ISA_USAGE = YES_ERROR;
				CLANG_WARN_EMPTY_BODY = YES;
				CLANG_WARN_ENUM_CONVERSION = YES;
				CLANG_WARN_INT_CONVERSION = YES;
				CLANG_WARN_OBJC_ROOT_CLASS = YES_ERROR;
				CLANG_WARN_UNREACHABLE_CODE = YES;
				CLANG_WARN__DUPLICATE_METHOD_MATCH = YES;
				"CODE_SIGN_IDENTITY[sdk=iphoneos*]" = "iPhone Developer";
				COPY_PHASE_STRIP = NO;
				DEBUG_INFORMATION_FORMAT = "dwarf-with-dsym";
				ENABLE_NS_ASSERTIONS = NO;
				ENABLE_STRICT_OBJC_MSGSEND = YES;
				GCC_C_LANGUAGE_STANDARD = gnu99;
				GCC_NO_COMMON_BLOCKS = YES;
				GCC_WARN_64_TO_32_BIT_CONVERSION = YES;
				GCC_WARN_ABOUT_RETURN_TYPE = YES_ERROR;
				GCC_WARN_UNDECLARED_SELECTOR = YES;
				GCC_WARN_UNINITIALIZED_AUTOS = YES_AGGRESSIVE;
				GCC_WARN_UNUSED_FUNCTION = YES;
				GCC_WARN_UNUSED_VARIABLE = YES;
				IPHONEOS_DEPLOYMENT_TARGET = 9.3;
				MTL_ENABLE_DEBUG_INFO = NO;
				SDKROOT = iphoneos;
				TARGETED_DEVICE_FAMILY = "1,2";
				VALIDATE_PRODUCT = YES;
			};
			name = Release;
		};
		A501FA9A1D11D0B400584D3E /* Debug */ = {
			isa = XCBuildConfiguration;
			baseConfigurationReference = 7AFD7FAEB458A2A22E9FD78C /* Pods-Moments.debug.xcconfig */;
			buildSettings = {
				ASSETCATALOG_COMPILER_APPICON_NAME = AppIcon;
				INFOPLIST_FILE = Moments/Info.plist;
				LD_RUNPATH_SEARCH_PATHS = "$(inherited) @executable_path/Frameworks";
				PRODUCT_BUNDLE_IDENTIFIER = com.jundang.Moments;
				PRODUCT_NAME = "$(TARGET_NAME)";
			};
			name = Debug;
		};
		A501FA9B1D11D0B400584D3E /* Release */ = {
			isa = XCBuildConfiguration;
			baseConfigurationReference = 1512AB5D3AC1B0A83EB19812 /* Pods-Moments.release.xcconfig */;
			buildSettings = {
				ASSETCATALOG_COMPILER_APPICON_NAME = AppIcon;
				INFOPLIST_FILE = Moments/Info.plist;
				LD_RUNPATH_SEARCH_PATHS = "$(inherited) @executable_path/Frameworks";
				PRODUCT_BUNDLE_IDENTIFIER = com.jundang.Moments;
				PRODUCT_NAME = "$(TARGET_NAME)";
			};
			name = Release;
		};
		A501FA9D1D11D0B400584D3E /* Debug */ = {
			isa = XCBuildConfiguration;
			buildSettings = {
				BUNDLE_LOADER = "$(TEST_HOST)";
				INFOPLIST_FILE = MomentsTests/Info.plist;
				LD_RUNPATH_SEARCH_PATHS = "$(inherited) @executable_path/Frameworks @loader_path/Frameworks";
				PRODUCT_BUNDLE_IDENTIFIER = com.jundang.MomentsTests;
				PRODUCT_NAME = "$(TARGET_NAME)";
				TEST_HOST = "$(BUILT_PRODUCTS_DIR)/Moments.app/Moments";
			};
			name = Debug;
		};
		A501FA9E1D11D0B400584D3E /* Release */ = {
			isa = XCBuildConfiguration;
			buildSettings = {
				BUNDLE_LOADER = "$(TEST_HOST)";
				INFOPLIST_FILE = MomentsTests/Info.plist;
				LD_RUNPATH_SEARCH_PATHS = "$(inherited) @executable_path/Frameworks @loader_path/Frameworks";
				PRODUCT_BUNDLE_IDENTIFIER = com.jundang.MomentsTests;
				PRODUCT_NAME = "$(TARGET_NAME)";
				TEST_HOST = "$(BUILT_PRODUCTS_DIR)/Moments.app/Moments";
			};
			name = Release;
		};
		A501FAA01D11D0B400584D3E /* Debug */ = {
			isa = XCBuildConfiguration;
			buildSettings = {
				INFOPLIST_FILE = MomentsUITests/Info.plist;
				LD_RUNPATH_SEARCH_PATHS = "$(inherited) @executable_path/Frameworks @loader_path/Frameworks";
				PRODUCT_BUNDLE_IDENTIFIER = com.jundang.MomentsUITests;
				PRODUCT_NAME = "$(TARGET_NAME)";
				TEST_TARGET_NAME = Moments;
			};
			name = Debug;
		};
		A501FAA11D11D0B400584D3E /* Release */ = {
			isa = XCBuildConfiguration;
			buildSettings = {
				INFOPLIST_FILE = MomentsUITests/Info.plist;
				LD_RUNPATH_SEARCH_PATHS = "$(inherited) @executable_path/Frameworks @loader_path/Frameworks";
				PRODUCT_BUNDLE_IDENTIFIER = com.jundang.MomentsUITests;
				PRODUCT_NAME = "$(TARGET_NAME)";
				TEST_TARGET_NAME = Moments;
			};
			name = Release;
		};
/* End XCBuildConfiguration section */

/* Begin XCConfigurationList section */
		A501FA6C1D11D0B300584D3E /* Build configuration list for PBXProject "Moments" */ = {
			isa = XCConfigurationList;
			buildConfigurations = (
				A501FA971D11D0B400584D3E /* Debug */,
				A501FA981D11D0B400584D3E /* Release */,
			);
			defaultConfigurationIsVisible = 0;
			defaultConfigurationName = Release;
		};
		A501FA991D11D0B400584D3E /* Build configuration list for PBXNativeTarget "Moments" */ = {
			isa = XCConfigurationList;
			buildConfigurations = (
				A501FA9A1D11D0B400584D3E /* Debug */,
				A501FA9B1D11D0B400584D3E /* Release */,
			);
			defaultConfigurationIsVisible = 0;
			defaultConfigurationName = Release;
		};
		A501FA9C1D11D0B400584D3E /* Build configuration list for PBXNativeTarget "MomentsTests" */ = {
			isa = XCConfigurationList;
			buildConfigurations = (
				A501FA9D1D11D0B400584D3E /* Debug */,
				A501FA9E1D11D0B400584D3E /* Release */,
			);
			defaultConfigurationIsVisible = 0;
			defaultConfigurationName = Release;
		};
		A501FA9F1D11D0B400584D3E /* Build configuration list for PBXNativeTarget "MomentsUITests" */ = {
			isa = XCConfigurationList;
			buildConfigurations = (
				A501FAA01D11D0B400584D3E /* Debug */,
				A501FAA11D11D0B400584D3E /* Release */,
			);
			defaultConfigurationIsVisible = 0;
			defaultConfigurationName = Release;
		};
/* End XCConfigurationList section */
	};
	rootObject = A501FA691D11D0B300584D3E /* Project object */;
}
